
Microsoft Visual Studio Solution File, Format Version 12.00
# Visual Studio Version 16
VisualStudioVersion = 16.0.28803.452
MinimumVisualStudioVersion = 10.0.40219.1
Project("{FAE04EC0-301F-11D3-BF4B-00C04F79EFBC}") = "PolinomialInterpolationCalculator", "PolinomialInterpolationCalculator\PolinomialInterpolationCalculator.csproj", "{B479F4A9-47D8-4A4A-ACF7-5135FA551E47}"
EndProject
Global
	GlobalSection(SolutionConfigurationPlatforms) = preSolution
		Debug|Any CPU = Debug|Any CPU
		Release|Any CPU = Release|Any CPU
	EndGlobalSection
	GlobalSection(ProjectConfigurationPlatforms) = postSolution
		{B479F4A9-47D8-4A4A-ACF7-5135FA551E47}.Debug|Any CPU.ActiveCfg = Debug|Any CPU
		{B479F4A9-47D8-4A4A-ACF7-5135FA551E47}.Debug|Any CPU.Build.0 = Debug|Any CPU
		{B479F4A9-47D8-4A4A-ACF7-5135FA551E47}.Release|Any CPU.ActiveCfg = Release|Any CPU
		{B479F4A9-47D8-4A4A-ACF7-5135FA551E47}.Release|Any CPU.Build.0 = Release|Any CPU
	EndGlobalSection
	GlobalSection(SolutionProperties) = preSolution
		HideSolutionNode = FALSE
	EndGlobalSection
	GlobalSection(ExtensibilityGlobals) = postSolution
		SolutionGuid = {5050BB5F-DB34-41EB-981B-4238ED27411A}
	EndGlobalSection
EndGlobal
